
Microsoft Visual Studio Solution File, Format Version 12.00
# Visual Studio 15
VisualStudioVersion = 15.0.27703.2026
MinimumVisualStudioVersion = 10.0.40219.1
Project("{FAE04EC0-301F-11D3-BF4B-00C04F79EFBC}") = "ArcGISWpfMap", "ArcGISWpfMap\ArcGISWpfMap.csproj", "{ED7813F4-8C47-4314-BA5B-D73BF5903E04}"
EndProject
Global
	GlobalSection(SolutionConfigurationPlatforms) = preSolution
		Debug|Any CPU = Debug|Any CPU
		Release|Any CPU = Release|Any CPU
	EndGlobalSection
	GlobalSection(ProjectConfigurationPlatforms) = postSolution
		{ED7813F4-8C47-4314-BA5B-D73BF5903E04}.Debug|Any CPU.ActiveCfg = Debug|Any CPU
		{ED7813F4-8C47-4314-BA5B-D73BF5903E04}.Debug|Any CPU.Build.0 = Debug|Any CPU
		{ED7813F4-8C47-4314-BA5B-D73BF5903E04}.Release|Any CPU.ActiveCfg = Release|Any CPU
		{ED7813F4-8C47-4314-BA5B-D73BF5903E04}.Release|Any CPU.Build.0 = Release|Any CPU
	EndGlobalSection
	GlobalSection(SolutionProperties) = preSolution
		HideSolutionNode = FALSE
	EndGlobalSection
	GlobalSection(ExtensibilityGlobals) = postSolution
		SolutionGuid = {D56CBA33-F646-4429-8569-447EAB881772}
	EndGlobalSection
EndGlobal
